
Microsoft Visual Studio Solution File, Format Version 12.00
# Visual Studio Version 17
VisualStudioVersion = 17.3.32804.467
MinimumVisualStudioVersion = 10.0.40219.1
Project("{FAE04EC0-301F-11D3-BF4B-00C04F79EFBC}") = "investment2017", "investment2017.csproj", "{F63619E2-1F74-4D6C-9565-079405A1C32A}"
EndProject
Global
	GlobalSection(SolutionConfigurationPlatforms) = preSolution
		Debug|Any CPU = Debug|Any CPU
		Release|Any CPU = Release|Any CPU
	EndGlobalSection
	GlobalSection(ProjectConfigurationPlatforms) = postSolution
		{F63619E2-1F74-4D6C-9565-079405A1C32A}.Debug|Any CPU.ActiveCfg = Debug|Any CPU
		{F63619E2-1F74-4D6C-9565-079405A1C32A}.Debug|Any CPU.Build.0 = Debug|Any CPU
		{F63619E2-1F74-4D6C-9565-079405A1C32A}.Release|Any CPU.ActiveCfg = Release|Any CPU
		{F63619E2-1F74-4D6C-9565-079405A1C32A}.Release|Any CPU.Build.0 = Release|Any CPU
	EndGlobalSection
	GlobalSection(SolutionProperties) = preSolution
		HideSolutionNode = FALSE
	EndGlobalSection
	GlobalSection(ExtensibilityGlobals) = postSolution
		SolutionGuid = {37307250-0ECD-4646-A6A1-ABFAA284B82D}
	EndGlobalSection
EndGlobal
